
Microsoft Visual Studio Solution File, Format Version 12.00
# Visual Studio Version 17
VisualStudioVersion = 17.3.32901.215
MinimumVisualStudioVersion = 10.0.40219.1
Project("{FAE04EC0-301F-11D3-BF4B-00C04F79EFBC}") = "NetologyTasks", "NetologyTasks\NetologyTasks.csproj", "{CB22F106-66CD-452C-8F3C-C602557D3F33}"
EndProject
Project("{FAE04EC0-301F-11D3-BF4B-00C04F79EFBC}") = "NetologyTasks.Test", "NetologyTasks.Test\NetologyTasks.Test.csproj", "{AF2F9051-9EF8-438C-BA6A-2FEF5CE0381B}"
EndProject
Global
	GlobalSection(SolutionConfigurationPlatforms) = preSolution
		Debug|Any CPU = Debug|Any CPU
		Release|Any CPU = Release|Any CPU
	EndGlobalSection
	GlobalSection(ProjectConfigurationPlatforms) = postSolution
		{CB22F106-66CD-452C-8F3C-C602557D3F33}.Debug|Any CPU.ActiveCfg = Debug|Any CPU
		{CB22F106-66CD-452C-8F3C-C602557D3F33}.Debug|Any CPU.Build.0 = Debug|Any CPU
		{CB22F106-66CD-452C-8F3C-C602557D3F33}.Release|Any CPU.ActiveCfg = Release|Any CPU
		{CB22F106-66CD-452C-8F3C-C602557D3F33}.Release|Any CPU.Build.0 = Release|Any CPU
		{AF2F9051-9EF8-438C-BA6A-2FEF5CE0381B}.Debug|Any CPU.ActiveCfg = Debug|Any CPU
		{AF2F9051-9EF8-438C-BA6A-2FEF5CE0381B}.Debug|Any CPU.Build.0 = Debug|Any CPU
		{AF2F9051-9EF8-438C-BA6A-2FEF5CE0381B}.Release|Any CPU.ActiveCfg = Release|Any CPU
		{AF2F9051-9EF8-438C-BA6A-2FEF5CE0381B}.Release|Any CPU.Build.0 = Release|Any CPU
	EndGlobalSection
	GlobalSection(SolutionProperties) = preSolution
		HideSolutionNode = FALSE
	EndGlobalSection
	GlobalSection(ExtensibilityGlobals) = postSolution
		SolutionGuid = {A650631A-0843-4314-9C36-5B1D335FD038}
	EndGlobalSection
EndGlobal
